
Microsoft Visual Studio Solution File, Format Version 12.00
# Visual Studio Version 17
VisualStudioVersion = 17.10.35013.160
MinimumVisualStudioVersion = 10.0.40219.1
Project("{2150E333-8FDC-42A3-9474-1A3956D46DE8}") = "Services", "Services", "{2F076D2D-9D48-4BB9-9341-8C1FE61A9A84}"
EndProject
Project("{2150E333-8FDC-42A3-9474-1A3956D46DE8}") = "Catalog", "Catalog", "{71178630-EEDA-4B98-9185-27BC8F27EE2E}"
EndProject
Project("{9A19103F-16F7-4668-BE54-9A1E7A4F7556}") = "Catalog.API", "Services\Catalog\Catalog.API\Catalog.API.csproj", "{60F11F6A-8E55-48C3-805F-EE9AEF0DC9BD}"
EndProject
Project("{2150E333-8FDC-42A3-9474-1A3956D46DE8}") = "BuildingBlocks", "BuildingBlocks", "{931E6810-87BA-4942-BF9B-4CF6EDDAB45D}"
EndProject
Project("{9A19103F-16F7-4668-BE54-9A1E7A4F7556}") = "BuildingBlocks", "BuildingBlocks\BuildingBlocks\BuildingBlocks.csproj", "{C859FAF3-48EC-4ECE-A667-E8A173D83F39}"
EndProject
Project("{E53339B2-1760-4266-BCC7-CA923CBCF16C}") = "docker-compose", "docker-compose.dcproj", "{952460EE-92CA-4043-94A2-792A1967F656}"
EndProject
Project("{2150E333-8FDC-42A3-9474-1A3956D46DE8}") = "Basket", "Basket", "{2FD7583B-853B-4499-970A-11751E728A04}"
EndProject
Project("{9A19103F-16F7-4668-BE54-9A1E7A4F7556}") = "Basket.API", "Services\Basket\Basket.API\Basket.API.csproj", "{0B0EC959-B9C1-4643-831D-0D4B5EEDB736}"
EndProject
Project("{2150E333-8FDC-42A3-9474-1A3956D46DE8}") = "Discount", "Discount", "{43D70B1C-F84B-448C-A9CD-5F6D61791059}"
EndProject
Project("{9A19103F-16F7-4668-BE54-9A1E7A4F7556}") = "Discount.Grpc", "Services\Discount\Discount.Grpc\Discount.Grpc.csproj", "{EB641463-E725-4DD6-A542-CEE0563B98D4}"
EndProject
Project("{2150E333-8FDC-42A3-9474-1A3956D46DE8}") = "Ordering", "Ordering", "{6DA35E32-6117-40F2-8C17-BDB91D086209}"
EndProject
Project("{9A19103F-16F7-4668-BE54-9A1E7A4F7556}") = "Ordering.API", "Services\Ordering\Ordering.API\Ordering.API.csproj", "{E0E6E43A-0A68-4B3E-A017-E008D13F5840}"
EndProject
Project("{9A19103F-16F7-4668-BE54-9A1E7A4F7556}") = "Ordering.Domain", "Services\Ordering\Ordering.Domain\Ordering.Domain.csproj", "{7650BF3D-E79E-45FA-96F6-38935B624622}"
EndProject
Project("{9A19103F-16F7-4668-BE54-9A1E7A4F7556}") = "Ordering.Application", "Services\Ordering\Ordering.Application\Ordering.Application.csproj", "{6A9B6DF1-1C55-437E-BD78-3CB92F3C4609}"
EndProject
Project("{9A19103F-16F7-4668-BE54-9A1E7A4F7556}") = "Ordering.Infrastructure", "Services\Ordering\Ordering.Infrastructure\Ordering.Infrastructure.csproj", "{FF51A2BE-F788-42E7-8A9D-C3802EA6B31E}"
EndProject
Project("{FAE04EC0-301F-11D3-BF4B-00C04F79EFBC}") = "BuildingBlocks.Messaging", "BuildingBlocks\BuildingBlocks.Messaging\BuildingBlocks.Messaging.csproj", "{13B05377-F28F-45B6-B685-8AD79C823B13}"
EndProject
Global
	GlobalSection(SolutionConfigurationPlatforms) = preSolution
		Debug|Any CPU = Debug|Any CPU
		Release|Any CPU = Release|Any CPU
	EndGlobalSection
	GlobalSection(ProjectConfigurationPlatforms) = postSolution
		{60F11F6A-8E55-48C3-805F-EE9AEF0DC9BD}.Debug|Any CPU.ActiveCfg = Debug|Any CPU
		{60F11F6A-8E55-48C3-805F-EE9AEF0DC9BD}.Debug|Any CPU.Build.0 = Debug|Any CPU
		{60F11F6A-8E55-48C3-805F-EE9AEF0DC9BD}.Release|Any CPU.ActiveCfg = Release|Any CPU
		{60F11F6A-8E55-48C3-805F-EE9AEF0DC9BD}.Release|Any CPU.Build.0 = Release|Any CPU
		{C859FAF3-48EC-4ECE-A667-E8A173D83F39}.Debug|Any CPU.ActiveCfg = Debug|Any CPU
		{C859FAF3-48EC-4ECE-A667-E8A173D83F39}.Debug|Any CPU.Build.0 = Debug|Any CPU
		{C859FAF3-48EC-4ECE-A667-E8A173D83F39}.Release|Any CPU.ActiveCfg = Release|Any CPU
		{C859FAF3-48EC-4ECE-A667-E8A173D83F39}.Release|Any CPU.Build.0 = Release|Any CPU
		{952460EE-92CA-4043-94A2-792A1967F656}.Debug|Any CPU.ActiveCfg = Debug|Any CPU
		{952460EE-92CA-4043-94A2-792A1967F656}.Debug|Any CPU.Build.0 = Debug|Any CPU
		{952460EE-92CA-4043-94A2-792A1967F656}.Release|Any CPU.ActiveCfg = Release|Any CPU
		{952460EE-92CA-4043-94A2-792A1967F656}.Release|Any CPU.Build.0 = Release|Any CPU
		{0B0EC959-B9C1-4643-831D-0D4B5EEDB736}.Debug|Any CPU.ActiveCfg = Debug|Any CPU
		{0B0EC959-B9C1-4643-831D-0D4B5EEDB736}.Debug|Any CPU.Build.0 = Debug|Any CPU
		{0B0EC959-B9C1-4643-831D-0D4B5EEDB736}.Release|Any CPU.ActiveCfg = Release|Any CPU
		{0B0EC959-B9C1-4643-831D-0D4B5EEDB736}.Release|Any CPU.Build.0 = Release|Any CPU
		{EB641463-E725-4DD6-A542-CEE0563B98D4}.Debug|Any CPU.ActiveCfg = Debug|Any CPU
		{EB641463-E725-4DD6-A542-CEE0563B98D4}.Debug|Any CPU.Build.0 = Debug|Any CPU
		{EB641463-E725-4DD6-A542-CEE0563B98D4}.Release|Any CPU.ActiveCfg = Release|Any CPU
		{EB641463-E725-4DD6-A542-CEE0563B98D4}.Release|Any CPU.Build.0 = Release|Any CPU
		{E0E6E43A-0A68-4B3E-A017-E008D13F5840}.Debug|Any CPU.ActiveCfg = Debug|Any CPU
		{E0E6E43A-0A68-4B3E-A017-E008D13F5840}.Debug|Any CPU.Build.0 = Debug|Any CPU
		{E0E6E43A-0A68-4B3E-A017-E008D13F5840}.Release|Any CPU.ActiveCfg = Release|Any CPU
		{E0E6E43A-0A68-4B3E-A017-E008D13F5840}.Release|Any CPU.Build.0 = Release|Any CPU
		{7650BF3D-E79E-45FA-96F6-38935B624622}.Debug|Any CPU.ActiveCfg = Debug|Any CPU
		{7650BF3D-E79E-45FA-96F6-38935B624622}.Debug|Any CPU.Build.0 = Debug|Any CPU
		{7650BF3D-E79E-45FA-96F6-38935B624622}.Release|Any CPU.ActiveCfg = Release|Any CPU
		{7650BF3D-E79E-45FA-96F6-38935B624622}.Release|Any CPU.Build.0 = Release|Any CPU
		{6A9B6DF1-1C55-437E-BD78-3CB92F3C4609}.Debug|Any CPU.ActiveCfg = Debug|Any CPU
		{6A9B6DF1-1C55-437E-BD78-3CB92F3C4609}.Debug|Any CPU.Build.0 = Debug|Any CPU
		{6A9B6DF1-1C55-437E-BD78-3CB92F3C4609}.Release|Any CPU.ActiveCfg = Release|Any CPU
		{6A9B6DF1-1C55-437E-BD78-3CB92F3C4609}.Release|Any CPU.Build.0 = Release|Any CPU
		{FF51A2BE-F788-42E7-8A9D-C3802EA6B31E}.Debug|Any CPU.ActiveCfg = Debug|Any CPU
		{FF51A2BE-F788-42E7-8A9D-C3802EA6B31E}.Debug|Any CPU.Build.0 = Debug|Any CPU
		{FF51A2BE-F788-42E7-8A9D-C3802EA6B31E}.Release|Any CPU.ActiveCfg = Release|Any CPU
		{FF51A2BE-F788-42E7-8A9D-C3802EA6B31E}.Release|Any CPU.Build.0 = Release|Any CPU
		{13B05377-F28F-45B6-B685-8AD79C823B13}.Debug|Any CPU.ActiveCfg = Debug|Any CPU
		{13B05377-F28F-45B6-B685-8AD79C823B13}.Debug|Any CPU.Build.0 = Debug|Any CPU
		{13B05377-F28F-45B6-B685-8AD79C823B13}.Release|Any CPU.ActiveCfg = Release|Any CPU
		{13B05377-F28F-45B6-B685-8AD79C823B13}.Release|Any CPU.Build.0 = Release|Any CPU
	EndGlobalSection
	GlobalSection(SolutionProperties) = preSolution
		HideSolutionNode = FALSE
	EndGlobalSection
	GlobalSection(NestedProjects) = preSolution
		{71178630-EEDA-4B98-9185-27BC8F27EE2E} = {2F076D2D-9D48-4BB9-9341-8C1FE61A9A84}
		{60F11F6A-8E55-48C3-805F-EE9AEF0DC9BD} = {71178630-EEDA-4B98-9185-27BC8F27EE2E}
		{C859FAF3-48EC-4ECE-A667-E8A173D83F39} = {931E6810-87BA-4942-BF9B-4CF6EDDAB45D}
		{2FD7583B-853B-4499-970A-11751E728A04} = {2F076D2D-9D48-4BB9-9341-8C1FE61A9A84}
		{0B0EC959-B9C1-4643-831D-0D4B5EEDB736} = {2FD7583B-853B-4499-970A-11751E728A04}
		{43D70B1C-F84B-448C-A9CD-5F6D61791059} = {2F076D2D-9D48-4BB9-9341-8C1FE61A9A84}
		{EB641463-E725-4DD6-A542-CEE0563B98D4} = {43D70B1C-F84B-448C-A9CD-5F6D61791059}
		{6DA35E32-6117-40F2-8C17-BDB91D086209} = {2F076D2D-9D48-4BB9-9341-8C1FE61A9A84}
		{E0E6E43A-0A68-4B3E-A017-E008D13F5840} = {6DA35E32-6117-40F2-8C17-BDB91D086209}
		{7650BF3D-E79E-45FA-96F6-38935B624622} = {6DA35E32-6117-40F2-8C17-BDB91D086209}
		{6A9B6DF1-1C55-437E-BD78-3CB92F3C4609} = {6DA35E32-6117-40F2-8C17-BDB91D086209}
		{FF51A2BE-F788-42E7-8A9D-C3802EA6B31E} = {6DA35E32-6117-40F2-8C17-BDB91D086209}
		{13B05377-F28F-45B6-B685-8AD79C823B13} = {931E6810-87BA-4942-BF9B-4CF6EDDAB45D}
	EndGlobalSection
	GlobalSection(ExtensibilityGlobals) = postSolution
		SolutionGuid = {7EBBFF1F-41BB-4E82-94AC-6DBDEEDC43E1}
	EndGlobalSection
EndGlobal
