
Microsoft Visual Studio Solution File, Format Version 12.00
# Visual Studio Version 17
VisualStudioVersion = 17.10.35013.160
MinimumVisualStudioVersion = 10.0.40219.1
Project("{2150E333-8FDC-42A3-9474-1A3956D46DE8}") = "Services", "Services", "{2F076D2D-9D48-4BB9-9341-8C1FE61A9A84}"
EndProject
Project("{2150E333-8FDC-42A3-9474-1A3956D46DE8}") = "Catalog", "Catalog", "{71178630-EEDA-4B98-9185-27BC8F27EE2E}"
EndProject
Project("{9A19103F-16F7-4668-BE54-9A1E7A4F7556}") = "Catalog.API", "Services\Catalog\Catalog.API\Catalog.API.csproj", "{60F11F6A-8E55-48C3-805F-EE9AEF0DC9BD}"
EndProject
Project("{2150E333-8FDC-42A3-9474-1A3956D46DE8}") = "BuildingBlocks", "BuildingBlocks", "{931E6810-87BA-4942-BF9B-4CF6EDDAB45D}"
EndProject
Project("{9A19103F-16F7-4668-BE54-9A1E7A4F7556}") = "BuildingBlocks", "BuildingBlocks\BuildingBlocks\BuildingBlocks.csproj", "{C859FAF3-48EC-4ECE-A667-E8A173D83F39}"
EndProject
Project("{E53339B2-1760-4266-BCC7-CA923CBCF16C}") = "docker-compose", "docker-compose.dcproj", "{952460EE-92CA-4043-94A2-792A1967F656}"
EndProject
Global
	GlobalSection(SolutionConfigurationPlatforms) = preSolution
		Debug|Any CPU = Debug|Any CPU
		Release|Any CPU = Release|Any CPU
	EndGlobalSection
	GlobalSection(ProjectConfigurationPlatforms) = postSolution
		{60F11F6A-8E55-48C3-805F-EE9AEF0DC9BD}.Debug|Any CPU.ActiveCfg = Debug|Any CPU
		{60F11F6A-8E55-48C3-805F-EE9AEF0DC9BD}.Debug|Any CPU.Build.0 = Debug|Any CPU
		{60F11F6A-8E55-48C3-805F-EE9AEF0DC9BD}.Release|Any CPU.ActiveCfg = Release|Any CPU
		{60F11F6A-8E55-48C3-805F-EE9AEF0DC9BD}.Release|Any CPU.Build.0 = Release|Any CPU
		{C859FAF3-48EC-4ECE-A667-E8A173D83F39}.Debug|Any CPU.ActiveCfg = Debug|Any CPU
		{C859FAF3-48EC-4ECE-A667-E8A173D83F39}.Debug|Any CPU.Build.0 = Debug|Any CPU
		{C859FAF3-48EC-4ECE-A667-E8A173D83F39}.Release|Any CPU.ActiveCfg = Release|Any CPU
		{C859FAF3-48EC-4ECE-A667-E8A173D83F39}.Release|Any CPU.Build.0 = Release|Any CPU
		{952460EE-92CA-4043-94A2-792A1967F656}.Debug|Any CPU.ActiveCfg = Debug|Any CPU
		{952460EE-92CA-4043-94A2-792A1967F656}.Debug|Any CPU.Build.0 = Debug|Any CPU
		{952460EE-92CA-4043-94A2-792A1967F656}.Release|Any CPU.ActiveCfg = Release|Any CPU
		{952460EE-92CA-4043-94A2-792A1967F656}.Release|Any CPU.Build.0 = Release|Any CPU
	EndGlobalSection
	GlobalSection(SolutionProperties) = preSolution
		HideSolutionNode = FALSE
	EndGlobalSection
	GlobalSection(NestedProjects) = preSolution
		{71178630-EEDA-4B98-9185-27BC8F27EE2E} = {2F076D2D-9D48-4BB9-9341-8C1FE61A9A84}
		{60F11F6A-8E55-48C3-805F-EE9AEF0DC9BD} = {71178630-EEDA-4B98-9185-27BC8F27EE2E}
		{C859FAF3-48EC-4ECE-A667-E8A173D83F39} = {931E6810-87BA-4942-BF9B-4CF6EDDAB45D}
	EndGlobalSection
	GlobalSection(ExtensibilityGlobals) = postSolution
		SolutionGuid = {7EBBFF1F-41BB-4E82-94AC-6DBDEEDC43E1}
	EndGlobalSection
EndGlobal
